
Microsoft Visual Studio Solution File, Format Version 12.00
# Visual Studio 14
VisualStudioVersion = 14.0.25420.1
MinimumVisualStudioVersion = 10.0.40219.1
Project("{FAE04EC0-301F-11D3-BF4B-00C04F79EFBC}") = "ZoomRemote2", "ZoomRemote2\ZoomRemote2.csproj", "{1F9570D5-1238-4174-B72E-7C6EA07C68D1}"
EndProject
Global
	GlobalSection(SolutionConfigurationPlatforms) = preSolution
		Debug|Any CPU = Debug|Any CPU
		Release|Any CPU = Release|Any CPU
	EndGlobalSection
	GlobalSection(ProjectConfigurationPlatforms) = postSolution
		{1F9570D5-1238-4174-B72E-7C6EA07C68D1}.Debug|Any CPU.ActiveCfg = Debug|Any CPU
		{1F9570D5-1238-4174-B72E-7C6EA07C68D1}.Debug|Any CPU.Build.0 = Debug|Any CPU
		{1F9570D5-1238-4174-B72E-7C6EA07C68D1}.Debug|Any CPU.Deploy.0 = Debug|Any CPU
		{1F9570D5-1238-4174-B72E-7C6EA07C68D1}.Release|Any CPU.ActiveCfg = Release|Any CPU
		{1F9570D5-1238-4174-B72E-7C6EA07C68D1}.Release|Any CPU.Build.0 = Release|Any CPU
		{1F9570D5-1238-4174-B72E-7C6EA07C68D1}.Release|Any CPU.Deploy.0 = Release|Any CPU
	EndGlobalSection
	GlobalSection(SolutionProperties) = preSolution
		HideSolutionNode = FALSE
	EndGlobalSection
EndGlobal
